# This file is automatically @generated by Poetry 1.8.5 and should not be changed by hand.

[[package]]
name = "attrs"
version = "25.1.0"
description = "Classes Without Boilerplate"
optional = false
python-versions = ">=3.8"
files = [
    {file = "attrs-25.1.0-py3-none-any.whl", hash = "sha256:c75a69e28a550a7e93789579c22aa26b0f5b83b75dc4e08fe092980051e1090a"},
    {file = "attrs-25.1.0.tar.gz", hash = "sha256:1c97078a80c814273a76b2a298a932eb681c87415c11dee0a6921de7f1b02c3e"},
]

[package.extras]
benchmark = ["cloudpickle", "hypothesis", "mypy (>=1.11.1)", "pympler", "pytest (>=4.3.0)", "pytest-codspeed", "pytest-mypy-plugins", "pytest-xdist[psutil]"]
cov = ["cloudpickle", "coverage[toml] (>=5.3)", "hypothesis", "mypy (>=1.11.1)", "pympler", "pytest (>=4.3.0)", "pytest-mypy-plugins", "pytest-xdist[psutil]"]
dev = ["cloudpickle", "hypothesis", "mypy (>=1.11.1)", "pre-commit-uv", "pympler", "pytest (>=4.3.0)", "pytest-mypy-plugins", "pytest-xdist[psutil]"]
docs = ["cogapp", "furo", "myst-parser", "sphinx", "sphinx-notfound-page", "sphinxcontrib-towncrier", "towncrier (<24.7)"]
tests = ["cloudpickle", "hypothesis", "mypy (>=1.11.1)", "pympler", "pytest (>=4.3.0)", "pytest-mypy-plugins", "pytest-xdist[psutil]"]
tests-mypy = ["mypy (>=1.11.1)", "pytest-mypy-plugins"]

[[package]]
name = "automat"
version = "24.8.1"
description = "Self-service finite-state machines for the programmer on the go."
optional = false
python-versions = ">=3.8"
files = [
    {file = "Automat-24.8.1-py3-none-any.whl", hash = "sha256:bf029a7bc3da1e2c24da2343e7598affaa9f10bf0ab63ff808566ce90551e02a"},
    {file = "automat-24.8.1.tar.gz", hash = "sha256:b34227cf63f6325b8ad2399ede780675083e439b20c323d376373d8ee6306d88"},
]

[package.extras]
visualize = ["Twisted (>=16.1.1)", "graphviz (>0.5.1)"]

[[package]]
name = "constantly"
version = "23.10.4"
description = "Symbolic constants in Python"
optional = false
python-versions = ">=3.8"
files = [
    {file = "constantly-23.10.4-py3-none-any.whl", hash = "sha256:3fd9b4d1c3dc1ec9757f3c52aef7e53ad9323dbe39f51dfd4c43853b68dfa3f9"},
    {file = "constantly-23.10.4.tar.gz", hash = "sha256:aa92b70a33e2ac0bb33cd745eb61776594dc48764b06c35e0efd050b7f1c7cbd"},
]

[[package]]
name = "hyperlink"
version = "21.0.0"
description = "A featureful, immutable, and correct URL for Python."
optional = false
python-versions = ">=2.6, !=3.0.*, !=3.1.*, !=3.2.*, !=3.3.*"
files = [
    {file = "hyperlink-21.0.0-py2.py3-none-any.whl", hash = "sha256:e6b14c37ecb73e89c77d78cdb4c2cc8f3fb59a885c5b3f819ff4ed80f25af1b4"},
    {file = "hyperlink-21.0.0.tar.gz", hash = "sha256:427af957daa58bc909471c6c40f74c5450fa123dd093fc53efd2e91d2705a56b"},
]

[package.dependencies]
idna = ">=2.5"

[[package]]
name = "idna"
version = "3.10"
description = "Internationalized Domain Names in Applications (IDNA)"
optional = false
python-versions = ">=3.6"
files = [
    {file = "idna-3.10-py3-none-any.whl", hash = "sha256:946d195a0d259cbba61165e88e65941f16e9b36ea6ddb97f00452bae8b1287d3"},
    {file = "idna-3.10.tar.gz", hash = "sha256:12f65c9b470abda6dc35cf8e63cc574b1c52b11df2c86030af0ac09b01b13ea9"},
]

[package.extras]
all = ["flake8 (>=7.1.1)", "mypy (>=1.11.2)", "pytest (>=8.3.2)", "ruff (>=0.6.2)"]

[[package]]
name = "incremental"
version = "24.7.2"
description = "A small library that versions your Python projects."
optional = false
python-versions = ">=3.8"
files = [
    {file = "incremental-24.7.2-py3-none-any.whl", hash = "sha256:8cb2c3431530bec48ad70513931a760f446ad6c25e8333ca5d95e24b0ed7b8fe"},
    {file = "incremental-24.7.2.tar.gz", hash = "sha256:fb4f1d47ee60efe87d4f6f0ebb5f70b9760db2b2574c59c8e8912be4ebd464c9"},
]

[package.dependencies]
setuptools = ">=61.0"

[package.extras]
scripts = ["click (>=6.0)"]

[[package]]
name = "panda3d"
version = "1.10.15"
description = "Panda3D is a framework for 3D rendering and game development for Python and C++ programs."
optional = false
python-versions = "*"
files = [
    {file = "panda3d-1.10.15-cp27-cp27m-macosx_10_6_i386.whl", hash = "sha256:0312fd7d6f56d38c1181a5e56fef346df5aaa72e79b19686d9d90ebd3f33e6e8"},
    {file = "panda3d-1.10.15-cp27-cp27m-macosx_10_6_x86_64.whl", hash = "sha256:bd1571887f546798ce232e59a4b5a970d29e37c854de3108e7df2a603f6858db"},
    {file = "panda3d-1.10.15-cp27-cp27m-macosx_10_9_x86_64.whl", hash = "sha256:f7d7b3d684401b33cdb7acea53e31cddb5e699ccb1b04a8e7a165944be95c12e"},
    {file = "panda3d-1.10.15-cp27-cp27m-win32.whl", hash = "sha256:2b1ee001f6543b9ce7e4b30bd297651ff9c7c50d8b371087a6fc469891141d18"},
    {file = "panda3d-1.10.15-cp27-cp27m-win_amd64.whl", hash = "sha256:f5f47f3776798e0a0c4e7fa5ff737c7fee2f1e122674818f9cc35f2788db9f88"},
    {file = "panda3d-1.10.15-cp27-cp27mu-manylinux1_i686.whl", hash = "sha256:ef11afdfff45729217a482dcd8c289ab2fc95de49cf023571a927dd98df5b84b"},
    {file = "panda3d-1.10.15-cp27-cp27mu-manylinux1_x86_64.whl", hash = "sha256:b75bed384ed759f9f3ed04eb243277d0dc8e5b05422808f247185844f09b6b6a"},
    {file = "panda3d-1.10.15-cp310-cp310-macosx_10_9_x86_64.whl", hash = "sha256:401989dbabb3ef0842ce9bae28f706fadaf89afa5b1f7f2db49b5ff3bbd6c2e3"},
    {file = "panda3d-1.10.15-cp310-cp310-macosx_11_0_universal2.whl", hash = "sha256:b2820ea81267f3452335a7d4e53ff49d5e6ab7b3896a97f9698f1d3f6df1bcc6"},
    {file = "panda3d-1.10.15-cp310-cp310-manylinux2010_i686.whl", hash = "sha256:b9d540903c4bcc3d9a1999939fa688ad07dc1bd75ab8412b5d3ad34f64562e85"},
    {file = "panda3d-1.10.15-cp310-cp310-manylinux2010_x86_64.whl", hash = "sha256:530f400fd0a9fb9bd6e0ce0dff958e164d453b40d0cad671a97514857edee087"},
    {file = "panda3d-1.10.15-cp310-cp310-manylinux2014_aarch64.whl", hash = "sha256:2fe48f42c89422def7cd03f45bc198232a891f0ae2d19e3e284d23ae9bf48fd5"},
    {file = "panda3d-1.10.15-cp310-cp310-manylinux2014_x86_64.whl", hash = "sha256:04af43517e8b100e6909a1e7b24bcf7c121e84057561d2eb7e084753f4d0de00"},
    {file = "panda3d-1.10.15-cp310-cp310-win32.whl", hash = "sha256:ffd59fffc22e1ff39c7f49d4c55237c3f6b880960f6d049266c8e758504d6bb1"},
    {file = "panda3d-1.10.15-cp310-cp310-win_amd64.whl", hash = "sha256:8c5dbcf6857d087018f1db97bf4b4957006d43ed56e1ae38553d4840b4bec65e"},
    {file = "panda3d-1.10.15-cp311-cp311-macosx_10_9_x86_64.whl", hash = "sha256:d05a0a960637a9debb85c13a62635a8dbac6b65610ea226e316b7e4a68f12dc4"},
    {file = "panda3d-1.10.15-cp311-cp311-macosx_11_0_universal2.whl", hash = "sha256:fbcbe8dd9ae74fe151e9e6e64b297f5e754c272c5ea11925708da12773cb65de"},
    {file = "panda3d-1.10.15-cp311-cp311-manylinux2014_aarch64.whl", hash = "sha256:2e96777cb13b09a749fba8f5e7a8a2e2abba7ce04ed1f8244e39879682bb6476"},
    {file = "panda3d-1.10.15-cp311-cp311-manylinux2014_x86_64.whl", hash = "sha256:0969b3d452469d75a3b23dd451c47fa7efb806016cedd153946865798a69df70"},
    {file = "panda3d-1.10.15-cp311-cp311-win32.whl", hash = "sha256:27c78a6e2f208c324d3a92534a0917a2b3aebcba626266d4322ba8e60447d92b"},
    {file = "panda3d-1.10.15-cp311-cp311-win_amd64.whl", hash = "sha256:db071a53259fd8d3abedfc7d02030532eff02befe78515833767d3599034ba1a"},
    {file = "panda3d-1.10.15-cp312-cp312-macosx_10_9_x86_64.whl", hash = "sha256:d05bc9eb80f76f2a2925e177730dcfbf322bb44bd0f33eb9211a686ea7f6d1b4"},
    {file = "panda3d-1.10.15-cp312-cp312-macosx_11_0_universal2.whl", hash = "sha256:d90cf73d83cf583acdcf1eea7a5cd60bf4af0de7bb83b96f2fa21541c539a744"},
    {file = "panda3d-1.10.15-cp312-cp312-manylinux2014_aarch64.whl", hash = "sha256:bb9897467fa41079f3f3c2a32d085798f3e9230424b533c8715521eec397703d"},
    {file = "panda3d-1.10.15-cp312-cp312-manylinux2014_x86_64.whl", hash = "sha256:4493cba98ccd29352f1872641bf63750a546cf4dfd9c0953b356811c89573f0a"},
    {file = "panda3d-1.10.15-cp312-cp312-win32.whl", hash = "sha256:d27ef3662ebfb9a96096c85250002bc61bdf25ea4c5ad0e852151aa748778b9c"},
    {file = "panda3d-1.10.15-cp312-cp312-win_amd64.whl", hash = "sha256:74b32cbbcba689fb50ef20ce9578e48fdfedfad1fbf9f48e74db22a06b04be60"},
    {file = "panda3d-1.10.15-cp313-cp313-macosx_10_13_x86_64.whl", hash = "sha256:57eabb76ce244e802b7bce0bff8fa976a762b3a14f69cdccbc7e7ce5d33591cb"},
    {file = "panda3d-1.10.15-cp313-cp313-macosx_11_0_universal2.whl", hash = "sha256:2fe3725aa53898ad2d8aef7bad023f8d2bbdc7618867ce123d9f56a9b3be82de"},
    {file = "panda3d-1.10.15-cp313-cp313-manylinux2014_aarch64.whl", hash = "sha256:7f2959545e48c5d7e0b60102d7d09e4d8fb7c41e2256e731270efa5d201fd5d8"},
    {file = "panda3d-1.10.15-cp313-cp313-manylinux2014_x86_64.whl", hash = "sha256:202613825dce4889d01cab47ded2a64f8b9f451a6dd9aac5395dbb130ee510e3"},
    {file = "panda3d-1.10.15-cp313-cp313-win32.whl", hash = "sha256:ffac45e08b17447e1cfa2f1e7ec01e5d4c67b732479c21cba1b0751074ed2820"},
    {file = "panda3d-1.10.15-cp313-cp313-win_amd64.whl", hash = "sha256:81da0be19890802980828dde4c59f920f7e49bb9e6ec02375c899cace8074baf"},
    {file = "panda3d-1.10.15-cp313-cp313t-macosx_10_13_x86_64.whl", hash = "sha256:26d024ef60b4d169c4ae10abbb6ce0bdfd0d5732eb61cc77e257987a06bc635c"},
    {file = "panda3d-1.10.15-cp313-cp313t-macosx_11_0_universal2.whl", hash = "sha256:ca13198b78e4d62ae9d9bfbc8e0fb8ce96d5ce725fa57e9becf69d5f54335f0f"},
    {file = "panda3d-1.10.15-cp313-cp313t-manylinux2014_aarch64.whl", hash = "sha256:9ad98a3f82443d572ccbfe78ab6ac1c5405b3107e005414fb5fbd2985b81b02f"},
    {file = "panda3d-1.10.15-cp313-cp313t-manylinux2014_x86_64.whl", hash = "sha256:db8ad9ff7f48ee1d6b67716124aa8201aa49a92f95b58bb99822208bfbd32a8e"},
    {file = "panda3d-1.10.15-cp313-cp313t-win32.whl", hash = "sha256:09f4a52918faa54f53fc523f2f0be84789cbf0432cc380960d8e3e8437b48021"},
    {file = "panda3d-1.10.15-cp313-cp313t-win_amd64.whl", hash = "sha256:fa195f2b57a6dd819e81bf13728d00f3973cf4c680245c70d7b669a3317decca"},
    {file = "panda3d-1.10.15-cp34-cp34m-macosx_10_6_i386.whl", hash = "sha256:66e8057099fa36ca520c999fc5068c314ddcf7e291c4847e1e5311e24f5e2f90"},
    {file = "panda3d-1.10.15-cp34-cp34m-macosx_10_6_x86_64.whl", hash = "sha256:aed36505cd4054b598c31fde745e10be43c43b2a3b17f1b8c6c723946d84b3e0"},
    {file = "panda3d-1.10.15-cp34-cp34m-manylinux1_i686.whl", hash = "sha256:33a973266ca16f87581e4b36615ae57bc3cfd40a0f88ff7faf5f3ae6ed5c7a10"},
    {file = "panda3d-1.10.15-cp34-cp34m-manylinux1_x86_64.whl", hash = "sha256:13508ac3ebd12128bf7daf5acc44cd4bd17d830595935a3e554db74b783ff067"},
    {file = "panda3d-1.10.15-cp34-cp34m-win32.whl", hash = "sha256:e68fbcc55a7c5d7ef0a0eced673c4daf19432a1213da3abdd6c25f567250c202"},
    {file = "panda3d-1.10.15-cp34-cp34m-win_amd64.whl", hash = "sha256:122a1a8bddcf9e9f1e74540a1c3dbc125e692c0c31c2193ddc09d272493d291e"},
    {file = "panda3d-1.10.15-cp35-cp35m-macosx_10_6_i386.whl", hash = "sha256:453626fd4b9444923179cc11eead4a047ff14e065d4a99c52def2bb29a076a3f"},
    {file = "panda3d-1.10.15-cp35-cp35m-macosx_10_6_x86_64.whl", hash = "sha256:80f9430b0a37a2a002828154396ff5060d8cb3f9ca4c46e993b05403fadc327a"},
    {file = "panda3d-1.10.15-cp35-cp35m-macosx_10_9_x86_64.whl", hash = "sha256:7e0a538bb71af30fbdccb00b7456971c9fd842f89c7a09983741e00a7939302e"},
    {file = "panda3d-1.10.15-cp35-cp35m-manylinux1_i686.whl", hash = "sha256:0d671727e65d1beed9ac3b2e8cc14a380a51fc92db7ca774f92830c97256634c"},
    {file = "panda3d-1.10.15-cp35-cp35m-manylinux1_x86_64.whl", hash = "sha256:9e641978eca7bbaebf1f3770f19c136ff2ebf7ea009e890158e9337dccab7b59"},
    {file = "panda3d-1.10.15-cp35-cp35m-win32.whl", hash = "sha256:0f5c267bb7c1f3c752d5a13177b138015279df01d1154fe37b21a1e4f86737d3"},
    {file = "panda3d-1.10.15-cp35-cp35m-win_amd64.whl", hash = "sha256:942bc58053310961b49b9849693d9f6c6facfa5dd41dd7c906aefd0b87d8a9e5"},
    {file = "panda3d-1.10.15-cp36-cp36m-macosx_10_6_i386.whl", hash = "sha256:68bbfb10aca68f5363b2426fbeaa29e2dff0110189941f95dfd202144f3fb64f"},
    {file = "panda3d-1.10.15-cp36-cp36m-macosx_10_6_x86_64.whl", hash = "sha256:54c837d9b9f3a51cdefa9d7f5c94ec36b56aaa0c78166dc84e0854c11c37e503"},
    {file = "panda3d-1.10.15-cp36-cp36m-macosx_10_9_x86_64.whl", hash = "sha256:bbc3ee88ce8334792c2ced791db3f06c8c4e39b6dabab3d1d999c445e3540192"},
    {file = "panda3d-1.10.15-cp36-cp36m-manylinux1_i686.whl", hash = "sha256:4475694695da5a63f7c2c1294362fcde8da7800d20d8346bc52492487dcc52a8"},
    {file = "panda3d-1.10.15-cp36-cp36m-manylinux1_x86_64.whl", hash = "sha256:3ae7897e38f282470ef22c3dccd4a45d59f9b3b4ab5ad7271ef0f8ac6b26e3f6"},
    {file = "panda3d-1.10.15-cp36-cp36m-manylinux2014_aarch64.whl", hash = "sha256:b64de1e196652857884f813796a924bcd4ac286ee17848d774a54aae8d7df26e"},
    {file = "panda3d-1.10.15-cp36-cp36m-manylinux2014_x86_64.whl", hash = "sha256:c72bd78ec4ce17c4fd573488811c9ee08aa067fe1319d24eb470683833c924c6"},
    {file = "panda3d-1.10.15-cp36-cp36m-win32.whl", hash = "sha256:d30241801fa0667bdadd13cd0c79578558101d452ea759cc3779b7262ee926c9"},
    {file = "panda3d-1.10.15-cp36-cp36m-win_amd64.whl", hash = "sha256:f471d24b1ea611bc0d2be34df4b6ade2df7d3b2533618ffd0f9fb23be3d25cac"},
    {file = "panda3d-1.10.15-cp37-cp37m-macosx_10_6_i386.whl", hash = "sha256:37cbaad46ae260b33a29bfc353e82066faea9c63f94a84c2eb8b8667b4309972"},
    {file = "panda3d-1.10.15-cp37-cp37m-macosx_10_6_x86_64.whl", hash = "sha256:74eb77d6821690f247e1da0db99ae068069b68842e630d8e3e75f59ba1508352"},
    {file = "panda3d-1.10.15-cp37-cp37m-macosx_10_9_x86_64.whl", hash = "sha256:3469548b4efcbbbf9cfa5e740e87c7eed58535d1e28c2f543db176a7656de1d6"},
    {file = "panda3d-1.10.15-cp37-cp37m-manylinux1_i686.whl", hash = "sha256:0d1374b6cf8eb539d80d0f698978fab5eabdbe0c52aade1048248dfac3597f85"},
    {file = "panda3d-1.10.15-cp37-cp37m-manylinux1_x86_64.whl", hash = "sha256:affa630c2e00c123f7d93d575138fe1001dda4c1585b0f91bd9f170dd307b2d8"},
    {file = "panda3d-1.10.15-cp37-cp37m-manylinux2014_aarch64.whl", hash = "sha256:5c6a4b8ddb7f21b4d6f39dcf7dda50cb47fe5f97e9d3980511c747c889f8544a"},
    {file = "panda3d-1.10.15-cp37-cp37m-manylinux2014_x86_64.whl", hash = "sha256:68b9220d4e595d4f233e4e0e8bb9ba288bdb324a349d6a27ef06fd65a02991ae"},
    {file = "panda3d-1.10.15-cp37-cp37m-win32.whl", hash = "sha256:aeaba0b9666fea54f01d7e856ad7a60df40bc9b9b84a700f88072763ceaad27e"},
    {file = "panda3d-1.10.15-cp37-cp37m-win_amd64.whl", hash = "sha256:3bfe43702c494b8599b9ff7725d303b74dac1bad2c1c14b3dc23cdcc6edf5cf7"},
    {file = "panda3d-1.10.15-cp38-cp38-macosx_10_9_x86_64.whl", hash = "sha256:6ce60a39b7249ff4fa03fd704fd4934e768639dd4b754a841204de183eb25ce5"},
    {file = "panda3d-1.10.15-cp38-cp38-macosx_11_0_universal2.whl", hash = "sha256:532f1f4ea85b1fbb5af13d77bba7a99cd1d157d5de307b1b2cdcbc4e8f79c826"},
    {file = "panda3d-1.10.15-cp38-cp38-manylinux1_i686.whl", hash = "sha256:8ea4cced21fff64355162b523153b7756056232a2b8382f70801b6d6e33c8305"},
    {file = "panda3d-1.10.15-cp38-cp38-manylinux1_x86_64.whl", hash = "sha256:388702782b5888b13b0f856fbc5b28eee538435f0340c238e8757201110a4ed7"},
    {file = "panda3d-1.10.15-cp38-cp38-manylinux2014_aarch64.whl", hash = "sha256:9eda66670fd4e35ba8ced0360499f9395011ea557d5ee45b676be4fabc2ed0e4"},
    {file = "panda3d-1.10.15-cp38-cp38-manylinux2014_x86_64.whl", hash = "sha256:b7cab2fa557da65f04a465223f5b4aa2622fb21ed9db8332ba6fb02fdee9098a"},
    {file = "panda3d-1.10.15-cp38-cp38-win32.whl", hash = "sha256:7d3a097db7ceb44b232cd0207528c60cb908ba59280876fe1484c3b3798be7c2"},
    {file = "panda3d-1.10.15-cp38-cp38-win_amd64.whl", hash = "sha256:0f3fbe55fd8230554f38bce9805b0735055e489ab641274c9a6a4d592dd94404"},
    {file = "panda3d-1.10.15-cp39-cp39-macosx_10_9_x86_64.whl", hash = "sha256:ad6cc64718ec849aeb50829e85808e7c5315808262309a9370f928408a193f27"},
    {file = "panda3d-1.10.15-cp39-cp39-macosx_11_0_universal2.whl", hash = "sha256:875bc42fdf4ee6c8a797dc04d7bbbecab691aa3e38f4f0ad0262090ce51fa315"},
    {file = "panda3d-1.10.15-cp39-cp39-manylinux1_i686.whl", hash = "sha256:4732d038c9bb234353bb85fbd21c5b0b281fa0424e9dacef92513d5155760900"},
    {file = "panda3d-1.10.15-cp39-cp39-manylinux1_x86_64.whl", hash = "sha256:70d99c00f0d6cd23a33fc83d2b853e6bec3cb929310ffbb548628024efbae960"},
    {file = "panda3d-1.10.15-cp39-cp39-manylinux2014_aarch64.whl", hash = "sha256:f57b308bc2c39c1f74252f1b72a3fb5566683af248739c5bae47f32ff60014a9"},
    {file = "panda3d-1.10.15-cp39-cp39-manylinux2014_x86_64.whl", hash = "sha256:946a0e53cb5fc1e572bbb7eda2626dc71223c7721738933f202d3f0a7092affa"},
    {file = "panda3d-1.10.15-cp39-cp39-win32.whl", hash = "sha256:5185b9b0f20cbcd6efb22afd33ffa466fd7f935cb913eb479bdabbf7217a4473"},
    {file = "panda3d-1.10.15-cp39-cp39-win_amd64.whl", hash = "sha256:0e86170e57b77ab76244e2d7ff0749343956d71815af64a4863bcae702bf88b5"},
]

[[package]]
name = "pillow"
version = "11.1.0"
description = "Python Imaging Library (Fork)"
optional = false
python-versions = ">=3.9"
files = [
    {file = "pillow-11.1.0-cp310-cp310-macosx_10_10_x86_64.whl", hash = "sha256:e1abe69aca89514737465752b4bcaf8016de61b3be1397a8fc260ba33321b3a8"},
    {file = "pillow-11.1.0-cp310-cp310-macosx_11_0_arm64.whl", hash = "sha256:c640e5a06869c75994624551f45e5506e4256562ead981cce820d5ab39ae2192"},
    {file = "pillow-11.1.0-cp310-cp310-manylinux_2_17_aarch64.manylinux2014_aarch64.whl", hash = "sha256:a07dba04c5e22824816b2615ad7a7484432d7f540e6fa86af60d2de57b0fcee2"},
    {file = "pillow-11.1.0-cp310-cp310-manylinux_2_17_x86_64.manylinux2014_x86_64.whl", hash = "sha256:e267b0ed063341f3e60acd25c05200df4193e15a4a5807075cd71225a2386e26"},
    {file = "pillow-11.1.0-cp310-cp310-manylinux_2_28_aarch64.whl", hash = "sha256:bd165131fd51697e22421d0e467997ad31621b74bfc0b75956608cb2906dda07"},
    {file = "pillow-11.1.0-cp310-cp310-manylinux_2_28_x86_64.whl", hash = "sha256:abc56501c3fd148d60659aae0af6ddc149660469082859fa7b066a298bde9482"},
    {file = "pillow-11.1.0-cp310-cp310-musllinux_1_2_aarch64.whl", hash = "sha256:54ce1c9a16a9561b6d6d8cb30089ab1e5eb66918cb47d457bd996ef34182922e"},
    {file = "pillow-11.1.0-cp310-cp310-musllinux_1_2_x86_64.whl", hash = "sha256:73ddde795ee9b06257dac5ad42fcb07f3b9b813f8c1f7f870f402f4dc54b5269"},
    {file = "pillow-11.1.0-cp310-cp310-win32.whl", hash = "sha256:3a5fe20a7b66e8135d7fd617b13272626a28278d0e578c98720d9ba4b2439d49"},
    {file = "pillow-11.1.0-cp310-cp310-win_amd64.whl", hash = "sha256:b6123aa4a59d75f06e9dd3dac5bf8bc9aa383121bb3dd9a7a612e05eabc9961a"},
    {file = "pillow-11.1.0-cp310-cp310-win_arm64.whl", hash = "sha256:a76da0a31da6fcae4210aa94fd779c65c75786bc9af06289cd1c184451ef7a65"},
    {file = "pillow-11.1.0-cp311-cp311-macosx_10_10_x86_64.whl", hash = "sha256:e06695e0326d05b06833b40b7ef477e475d0b1ba3a6d27da1bb48c23209bf457"},
    {file = "pillow-11.1.0-cp311-cp311-macosx_11_0_arm64.whl", hash = "sha256:96f82000e12f23e4f29346e42702b6ed9a2f2fea34a740dd5ffffcc8c539eb35"},
    {file = "pillow-11.1.0-cp311-cp311-manylinux_2_17_aarch64.manylinux2014_aarch64.whl", hash = "sha256:a3cd561ded2cf2bbae44d4605837221b987c216cff94f49dfeed63488bb228d2"},
    {file = "pillow-11.1.0-cp311-cp311-manylinux_2_17_x86_64.manylinux2014_x86_64.whl", hash = "sha256:f189805c8be5ca5add39e6f899e6ce2ed824e65fb45f3c28cb2841911da19070"},
    {file = "pillow-11.1.0-cp311-cp311-manylinux_2_28_aarch64.whl", hash = "sha256:dd0052e9db3474df30433f83a71b9b23bd9e4ef1de13d92df21a52c0303b8ab6"},
    {file = "pillow-11.1.0-cp311-cp311-manylinux_2_28_x86_64.whl", hash = "sha256:837060a8599b8f5d402e97197d4924f05a2e0d68756998345c829c33186217b1"},
    {file = "pillow-11.1.0-cp311-cp311-musllinux_1_2_aarch64.whl", hash = "sha256:aa8dd43daa836b9a8128dbe7d923423e5ad86f50a7a14dc688194b7be5c0dea2"},
    {file = "pillow-11.1.0-cp311-cp311-musllinux_1_2_x86_64.whl", hash = "sha256:0a2f91f8a8b367e7a57c6e91cd25af510168091fb89ec5146003e424e1558a96"},
    {file = "pillow-11.1.0-cp311-cp311-win32.whl", hash = "sha256:c12fc111ef090845de2bb15009372175d76ac99969bdf31e2ce9b42e4b8cd88f"},
    {file = "pillow-11.1.0-cp311-cp311-win_amd64.whl", hash = "sha256:fbd43429d0d7ed6533b25fc993861b8fd512c42d04514a0dd6337fb3ccf22761"},
    {file = "pillow-11.1.0-cp311-cp311-win_arm64.whl", hash = "sha256:f7955ecf5609dee9442cbface754f2c6e541d9e6eda87fad7f7a989b0bdb9d71"},
    {file = "pillow-11.1.0-cp312-cp312-macosx_10_13_x86_64.whl", hash = "sha256:2062ffb1d36544d42fcaa277b069c88b01bb7298f4efa06731a7fd6cc290b81a"},
    {file = "pillow-11.1.0-cp312-cp312-macosx_11_0_arm64.whl", hash = "sha256:a85b653980faad27e88b141348707ceeef8a1186f75ecc600c395dcac19f385b"},
    {file = "pillow-11.1.0-cp312-cp312-manylinux_2_17_aarch64.manylinux2014_aarch64.whl", hash = "sha256:9409c080586d1f683df3f184f20e36fb647f2e0bc3988094d4fd8c9f4eb1b3b3"},
    {file = "pillow-11.1.0-cp312-cp312-manylinux_2_17_x86_64.manylinux2014_x86_64.whl", hash = "sha256:7fdadc077553621911f27ce206ffcbec7d3f8d7b50e0da39f10997e8e2bb7f6a"},
    {file = "pillow-11.1.0-cp312-cp312-manylinux_2_28_aarch64.whl", hash = "sha256:93a18841d09bcdd774dcdc308e4537e1f867b3dec059c131fde0327899734aa1"},
    {file = "pillow-11.1.0-cp312-cp312-manylinux_2_28_x86_64.whl", hash = "sha256:9aa9aeddeed452b2f616ff5507459e7bab436916ccb10961c4a382cd3e03f47f"},
    {file = "pillow-11.1.0-cp312-cp312-musllinux_1_2_aarch64.whl", hash = "sha256:3cdcdb0b896e981678eee140d882b70092dac83ac1cdf6b3a60e2216a73f2b91"},
    {file = "pillow-11.1.0-cp312-cp312-musllinux_1_2_x86_64.whl", hash = "sha256:36ba10b9cb413e7c7dfa3e189aba252deee0602c86c309799da5a74009ac7a1c"},
    {file = "pillow-11.1.0-cp312-cp312-win32.whl", hash = "sha256:cfd5cd998c2e36a862d0e27b2df63237e67273f2fc78f47445b14e73a810e7e6"},
    {file = "pillow-11.1.0-cp312-cp312-win_amd64.whl", hash = "sha256:a697cd8ba0383bba3d2d3ada02b34ed268cb548b369943cd349007730c92bddf"},
    {file = "pillow-11.1.0-cp312-cp312-win_arm64.whl", hash = "sha256:4dd43a78897793f60766563969442020e90eb7847463eca901e41ba186a7d4a5"},
    {file = "pillow-11.1.0-cp313-cp313-macosx_10_13_x86_64.whl", hash = "sha256:ae98e14432d458fc3de11a77ccb3ae65ddce70f730e7c76140653048c71bfcbc"},
    {file = "pillow-11.1.0-cp313-cp313-macosx_11_0_arm64.whl", hash = "sha256:cc1331b6d5a6e144aeb5e626f4375f5b7ae9934ba620c0ac6b3e43d5e683a0f0"},
    {file = "pillow-11.1.0-cp313-cp313-manylinux_2_17_aarch64.manylinux2014_aarch64.whl", hash = "sha256:758e9d4ef15d3560214cddbc97b8ef3ef86ce04d62ddac17ad39ba87e89bd3b1"},
    {file = "pillow-11.1.0-cp313-cp313-manylinux_2_17_x86_64.manylinux2014_x86_64.whl", hash = "sha256:b523466b1a31d0dcef7c5be1f20b942919b62fd6e9a9be199d035509cbefc0ec"},
    {file = "pillow-11.1.0-cp313-cp313-manylinux_2_28_aarch64.whl", hash = "sha256:9044b5e4f7083f209c4e35aa5dd54b1dd5b112b108648f5c902ad586d4f945c5"},
    {file = "pillow-11.1.0-cp313-cp313-manylinux_2_28_x86_64.whl", hash = "sha256:3764d53e09cdedd91bee65c2527815d315c6b90d7b8b79759cc48d7bf5d4f114"},
    {file = "pillow-11.1.0-cp313-cp313-musllinux_1_2_aarch64.whl", hash = "sha256:31eba6bbdd27dde97b0174ddf0297d7a9c3a507a8a1480e1e60ef914fe23d352"},
    {file = "pillow-11.1.0-cp313-cp313-musllinux_1_2_x86_64.whl", hash = "sha256:b5d658fbd9f0d6eea113aea286b21d3cd4d3fd978157cbf2447a6035916506d3"},
    {file = "pillow-11.1.0-cp313-cp313-win32.whl", hash = "sha256:f86d3a7a9af5d826744fabf4afd15b9dfef44fe69a98541f666f66fbb8d3fef9"},
    {file = "pillow-11.1.0-cp313-cp313-win_amd64.whl", hash = "sha256:593c5fd6be85da83656b93ffcccc2312d2d149d251e98588b14fbc288fd8909c"},
    {file = "pillow-11.1.0-cp313-cp313-win_arm64.whl", hash = "sha256:11633d58b6ee5733bde153a8dafd25e505ea3d32e261accd388827ee987baf65"},
    {file = "pillow-11.1.0-cp313-cp313t-macosx_10_13_x86_64.whl", hash = "sha256:70ca5ef3b3b1c4a0812b5c63c57c23b63e53bc38e758b37a951e5bc466449861"},
    {file = "pillow-11.1.0-cp313-cp313t-macosx_11_0_arm64.whl", hash = "sha256:8000376f139d4d38d6851eb149b321a52bb8893a88dae8ee7d95840431977081"},
    {file = "pillow-11.1.0-cp313-cp313t-manylinux_2_17_x86_64.manylinux2014_x86_64.whl", hash = "sha256:9ee85f0696a17dd28fbcfceb59f9510aa71934b483d1f5601d1030c3c8304f3c"},
    {file = "pillow-11.1.0-cp313-cp313t-manylinux_2_28_x86_64.whl", hash = "sha256:dd0e081319328928531df7a0e63621caf67652c8464303fd102141b785ef9547"},
    {file = "pillow-11.1.0-cp313-cp313t-musllinux_1_2_x86_64.whl", hash = "sha256:e63e4e5081de46517099dc30abe418122f54531a6ae2ebc8680bcd7096860eab"},
    {file = "pillow-11.1.0-cp313-cp313t-win32.whl", hash = "sha256:dda60aa465b861324e65a78c9f5cf0f4bc713e4309f83bc387be158b077963d9"},
    {file = "pillow-11.1.0-cp313-cp313t-win_amd64.whl", hash = "sha256:ad5db5781c774ab9a9b2c4302bbf0c1014960a0a7be63278d13ae6fdf88126fe"},
    {file = "pillow-11.1.0-cp313-cp313t-win_arm64.whl", hash = "sha256:67cd427c68926108778a9005f2a04adbd5e67c442ed21d95389fe1d595458756"},
    {file = "pillow-11.1.0-cp39-cp39-macosx_10_10_x86_64.whl", hash = "sha256:bf902d7413c82a1bfa08b06a070876132a5ae6b2388e2712aab3a7cbc02205c6"},
    {file = "pillow-11.1.0-cp39-cp39-macosx_11_0_arm64.whl", hash = "sha256:c1eec9d950b6fe688edee07138993e54ee4ae634c51443cfb7c1e7613322718e"},
    {file = "pillow-11.1.0-cp39-cp39-manylinux_2_17_aarch64.manylinux2014_aarch64.whl", hash = "sha256:8e275ee4cb11c262bd108ab2081f750db2a1c0b8c12c1897f27b160c8bd57bbc"},
    {file = "pillow-11.1.0-cp39-cp39-manylinux_2_17_x86_64.manylinux2014_x86_64.whl", hash = "sha256:4db853948ce4e718f2fc775b75c37ba2efb6aaea41a1a5fc57f0af59eee774b2"},
    {file = "pillow-11.1.0-cp39-cp39-manylinux_2_28_aarch64.whl", hash = "sha256:ab8a209b8485d3db694fa97a896d96dd6533d63c22829043fd9de627060beade"},
    {file = "pillow-11.1.0-cp39-cp39-manylinux_2_28_x86_64.whl", hash = "sha256:54251ef02a2309b5eec99d151ebf5c9904b77976c8abdcbce7891ed22df53884"},
    {file = "pillow-11.1.0-cp39-cp39-musllinux_1_2_aarch64.whl", hash = "sha256:5bb94705aea800051a743aa4874bb1397d4695fb0583ba5e425ee0328757f196"},
    {file = "pillow-11.1.0-cp39-cp39-musllinux_1_2_x86_64.whl", hash = "sha256:89dbdb3e6e9594d512780a5a1c42801879628b38e3efc7038094430844e271d8"},
    {file = "pillow-11.1.0-cp39-cp39-win32.whl", hash = "sha256:e5449ca63da169a2e6068dd0e2fcc8d91f9558aba89ff6d02121ca8ab11e79e5"},
    {file = "pillow-11.1.0-cp39-cp39-win_amd64.whl", hash = "sha256:3362c6ca227e65c54bf71a5f88b3d4565ff1bcbc63ae72c34b07bbb1cc59a43f"},
    {file = "pillow-11.1.0-cp39-cp39-win_arm64.whl", hash = "sha256:b20be51b37a75cc54c2c55def3fa2c65bb94ba859dde241cd0a4fd302de5ae0a"},
    {file = "pillow-11.1.0-pp310-pypy310_pp73-macosx_10_15_x86_64.whl", hash = "sha256:8c730dc3a83e5ac137fbc92dfcfe1511ce3b2b5d7578315b63dbbb76f7f51d90"},
    {file = "pillow-11.1.0-pp310-pypy310_pp73-macosx_11_0_arm64.whl", hash = "sha256:7d33d2fae0e8b170b6a6c57400e077412240f6f5bb2a342cf1ee512a787942bb"},
    {file = "pillow-11.1.0-pp310-pypy310_pp73-manylinux_2_17_aarch64.manylinux2014_aarch64.whl", hash = "sha256:a8d65b38173085f24bc07f8b6c505cbb7418009fa1a1fcb111b1f4961814a442"},
    {file = "pillow-11.1.0-pp310-pypy310_pp73-manylinux_2_17_x86_64.manylinux2014_x86_64.whl", hash = "sha256:015c6e863faa4779251436db398ae75051469f7c903b043a48f078e437656f83"},
    {file = "pillow-11.1.0-pp310-pypy310_pp73-manylinux_2_28_aarch64.whl", hash = "sha256:d44ff19eea13ae4acdaaab0179fa68c0c6f2f45d66a4d8ec1eda7d6cecbcc15f"},
    {file = "pillow-11.1.0-pp310-pypy310_pp73-manylinux_2_28_x86_64.whl", hash = "sha256:d3d8da4a631471dfaf94c10c85f5277b1f8e42ac42bade1ac67da4b4a7359b73"},
    {file = "pillow-11.1.0-pp310-pypy310_pp73-win_amd64.whl", hash = "sha256:4637b88343166249fe8aa94e7c4a62a180c4b3898283bb5d3d2fd5fe10d8e4e0"},
    {file = "pillow-11.1.0.tar.gz", hash = "sha256:368da70808b36d73b4b390a8ffac11069f8a5c85f29eff1f1b01bcf3ef5b2a20"},
]

[package.extras]
docs = ["furo", "olefile", "sphinx (>=8.1)", "sphinx-copybutton", "sphinx-inline-tabs", "sphinxext-opengraph"]
fpx = ["olefile"]
mic = ["olefile"]
tests = ["check-manifest", "coverage (>=7.4.2)", "defusedxml", "markdown2", "olefile", "packaging", "pyroma", "pytest", "pytest-cov", "pytest-timeout", "trove-classifiers (>=2024.10.12)"]
typing = ["typing-extensions"]
xmp = ["defusedxml"]

[[package]]
name = "pyqt5"
version = "5.15.11"
description = "Python bindings for the Qt cross platform application toolkit"
optional = false
python-versions = ">=3.8"
files = [
    {file = "PyQt5-5.15.11-cp38-abi3-macosx_11_0_arm64.whl", hash = "sha256:c8b03dd9380bb13c804f0bdb0f4956067f281785b5e12303d529f0462f9afdc2"},
    {file = "PyQt5-5.15.11-cp38-abi3-macosx_11_0_x86_64.whl", hash = "sha256:6cd75628f6e732b1ffcfe709ab833a0716c0445d7aec8046a48d5843352becb6"},
    {file = "PyQt5-5.15.11-cp38-abi3-manylinux_2_17_x86_64.whl", hash = "sha256:cd672a6738d1ae33ef7d9efa8e6cb0a1525ecf53ec86da80a9e1b6ec38c8d0f1"},
    {file = "PyQt5-5.15.11-cp38-abi3-win32.whl", hash = "sha256:76be0322ceda5deecd1708a8d628e698089a1cea80d1a49d242a6d579a40babd"},
    {file = "PyQt5-5.15.11-cp38-abi3-win_amd64.whl", hash = "sha256:bdde598a3bb95022131a5c9ea62e0a96bd6fb28932cc1619fd7ba211531b7517"},
    {file = "PyQt5-5.15.11.tar.gz", hash = "sha256:fda45743ebb4a27b4b1a51c6d8ef455c4c1b5d610c90d2934c7802b5c1557c52"},
]

[package.dependencies]
PyQt5-Qt5 = ">=5.15.2,<5.16.0"
PyQt5-sip = ">=12.15,<13"

[[package]]
name = "pyqt5-qt5"
version = "5.15.16"
description = "The subset of a Qt installation needed by PyQt5."
optional = false
python-versions = "*"
files = [
    {file = "PyQt5_Qt5-5.15.16-py3-none-macosx_10_13_x86_64.whl", hash = "sha256:18b6fec012de60921fcb131cf2a21368171dc29050d43e4b81a64be407a36105"},
    {file = "PyQt5_Qt5-5.15.16-py3-none-macosx_11_0_arm64.whl", hash = "sha256:e1a0e7ae35a7615c74a293705204579650930486a89af23082462f429dae504a"},
    {file = "PyQt5_Qt5-5.15.16-py3-none-manylinux2014_x86_64.whl", hash = "sha256:5ee1754a6460849cba76c0f0c490c0ccc3b514abc780b141cf772db22b76b54b"},
]

[[package]]
name = "pyqt5-sip"
version = "12.17.0"
description = "The sip module support for PyQt5"
optional = false
python-versions = ">=3.9"
files = [
    {file = "PyQt5_sip-12.17.0-cp310-cp310-macosx_10_9_universal2.whl", hash = "sha256:ec47914cc751608e587c1c2fdabeaf4af7fdc28b9f62796c583bea01c1a1aa3e"},
    {file = "PyQt5_sip-12.17.0-cp310-cp310-manylinux_2_5_x86_64.manylinux1_x86_64.whl", hash = "sha256:2f2a8dcc7626fe0da73a0918e05ce2460c7a14ddc946049310e6e35052105434"},
    {file = "PyQt5_sip-12.17.0-cp310-cp310-win32.whl", hash = "sha256:0c75d28b8282be3c1d7dbc76950d6e6eba1e334783224e9b9835ce1a9c64f482"},
    {file = "PyQt5_sip-12.17.0-cp310-cp310-win_amd64.whl", hash = "sha256:8c4bc535bae0dfa764e8534e893619fe843ce5a2e25f901c439bcb960114f686"},
    {file = "PyQt5_sip-12.17.0-cp311-cp311-macosx_10_9_universal2.whl", hash = "sha256:2c912807dd638644168ea8c7a447bfd9d85a19471b98c2c588c4d2e911c09b0a"},
    {file = "PyQt5_sip-12.17.0-cp311-cp311-manylinux_2_5_x86_64.manylinux1_x86_64.whl", hash = "sha256:71514a7d43b44faa1d65a74ad2c5da92c03a251bdc749f009c313f06cceacc9a"},
    {file = "PyQt5_sip-12.17.0-cp311-cp311-win32.whl", hash = "sha256:023466ae96f72fbb8419b44c3f97475de6642fa5632520d0f50fc1a52a3e8200"},
    {file = "PyQt5_sip-12.17.0-cp311-cp311-win_amd64.whl", hash = "sha256:fb565469d08dcb0a427def0c45e722323beb62db79454260482b6948bfd52d47"},
    {file = "PyQt5_sip-12.17.0-cp312-cp312-macosx_10_9_universal2.whl", hash = "sha256:ea08341c8a5da00c81df0d689ecd4ee47a95e1ecad9e362581c92513f2068005"},
    {file = "PyQt5_sip-12.17.0-cp312-cp312-manylinux_2_5_x86_64.manylinux1_x86_64.whl", hash = "sha256:4a92478d6808040fbe614bb61500fbb3f19f72714b99369ec28d26a7e3494115"},
    {file = "PyQt5_sip-12.17.0-cp312-cp312-win32.whl", hash = "sha256:b0ff280b28813e9bfd3a4de99490739fc29b776dc48f1c849caca7239a10fc8b"},
    {file = "PyQt5_sip-12.17.0-cp312-cp312-win_amd64.whl", hash = "sha256:54c31de7706d8a9a8c0fc3ea2c70468aba54b027d4974803f8eace9c22aad41c"},
    {file = "PyQt5_sip-12.17.0-cp313-cp313-macosx_10_13_universal2.whl", hash = "sha256:c7a7ff355e369616b6bcb41d45b742327c104b2bf1674ec79b8d67f8f2fa9543"},
    {file = "PyQt5_sip-12.17.0-cp313-cp313-manylinux_2_5_x86_64.manylinux1_x86_64.whl", hash = "sha256:419b9027e92b0b707632c370cfc6dc1f3b43c6313242fc4db57a537029bd179c"},
    {file = "PyQt5_sip-12.17.0-cp313-cp313-win32.whl", hash = "sha256:351beab964a19f5671b2a3e816ecf4d3543a99a7e0650f88a947fea251a7589f"},
    {file = "PyQt5_sip-12.17.0-cp313-cp313-win_amd64.whl", hash = "sha256:672c209d05661fab8e17607c193bf43991d268a1eefbc2c4551fbf30fd8bb2ca"},
    {file = "PyQt5_sip-12.17.0-cp39-cp39-macosx_10_9_universal2.whl", hash = "sha256:d65a9c1b4cbbd8e856254609f56e897d2cb5c903f77b75fb720cb3a32c76b92b"},
    {file = "PyQt5_sip-12.17.0-cp39-cp39-manylinux_2_5_x86_64.manylinux1_x86_64.whl", hash = "sha256:32b03e7e77ecd7b4119eba486b0706fa59b490bcceb585f9b6ddec8a582082db"},
    {file = "PyQt5_sip-12.17.0-cp39-cp39-win32.whl", hash = "sha256:5b6c734f4ad28f3defac4890ed747d391d246af279200935d49953bc7d915b8c"},
    {file = "PyQt5_sip-12.17.0-cp39-cp39-win_amd64.whl", hash = "sha256:855e8f5787d57e26a48d8c3de1220a8e92ab83be8d73966deac62fdae03ea2f9"},
    {file = "pyqt5_sip-12.17.0.tar.gz", hash = "sha256:682dadcdbd2239af9fdc0c0628e2776b820e128bec88b49b8d692fe682f90b4f"},
]

[[package]]
name = "qpanda3d"
version = "0.2.10"
description = "A binding to use Panda3D as a PyQt5 widget"
optional = false
python-versions = "*"
files = [
    {file = "QPanda3D-0.2.10-py3-none-any.whl", hash = "sha256:ad6b4812d7f9916516405dc1c98a98e35edecf28cf53607a2afb78752c87aa6d"},
]

[package.dependencies]
Panda3D = ">=1.10.3"
PyQt5 = "*"

[[package]]
name = "setuptools"
version = "75.8.0"
description = "Easily download, build, install, upgrade, and uninstall Python packages"
optional = false
python-versions = ">=3.9"
files = [
    {file = "setuptools-75.8.0-py3-none-any.whl", hash = "sha256:e3982f444617239225d675215d51f6ba05f845d4eec313da4418fdbb56fb27e3"},
    {file = "setuptools-75.8.0.tar.gz", hash = "sha256:c5afc8f407c626b8313a86e10311dd3f661c6cd9c09d4bf8c15c0e11f9f2b0e6"},
]

[package.extras]
check = ["pytest-checkdocs (>=2.4)", "pytest-ruff (>=0.2.1)", "ruff (>=0.8.0)"]
core = ["importlib_metadata (>=6)", "jaraco.collections", "jaraco.functools (>=4)", "jaraco.text (>=3.7)", "more_itertools", "more_itertools (>=8.8)", "packaging", "packaging (>=24.2)", "platformdirs (>=4.2.2)", "tomli (>=2.0.1)", "wheel (>=0.43.0)"]
cover = ["pytest-cov"]
doc = ["furo", "jaraco.packaging (>=9.3)", "jaraco.tidelift (>=1.4)", "pygments-github-lexers (==0.0.5)", "pyproject-hooks (!=1.1)", "rst.linker (>=1.9)", "sphinx (>=3.5)", "sphinx-favicon", "sphinx-inline-tabs", "sphinx-lint", "sphinx-notfound-page (>=1,<2)", "sphinx-reredirects", "sphinxcontrib-towncrier", "towncrier (<24.7)"]
enabler = ["pytest-enabler (>=2.2)"]
test = ["build[virtualenv] (>=1.0.3)", "filelock (>=3.4.0)", "ini2toml[lite] (>=0.14)", "jaraco.develop (>=7.21)", "jaraco.envs (>=2.2)", "jaraco.path (>=3.7.2)", "jaraco.test (>=5.5)", "packaging (>=24.2)", "pip (>=19.1)", "pyproject-hooks (!=1.1)", "pytest (>=6,!=8.1.*)", "pytest-home (>=0.5)", "pytest-perf", "pytest-subprocess", "pytest-timeout", "pytest-xdist (>=3)", "tomli-w (>=1.0.0)", "virtualenv (>=13.0.0)", "wheel (>=0.44.0)"]
type = ["importlib_metadata (>=7.0.2)", "jaraco.develop (>=7.21)", "mypy (==1.14.*)", "pytest-mypy"]

[[package]]
name = "toml"
version = "0.10.2"
description = "Python Library for Tom's Obvious, Minimal Language"
optional = false
python-versions = ">=2.6, !=3.0.*, !=3.1.*, !=3.2.*"
files = [
    {file = "toml-0.10.2-py2.py3-none-any.whl", hash = "sha256:806143ae5bfb6a3c6e736a764057db0e6a0e05e338b5630894a5f779cabb4f9b"},
    {file = "toml-0.10.2.tar.gz", hash = "sha256:b3bda1d108d5dd99f4a20d24d9c348e91c4db7ab1b749200bded2f839ccbe68f"},
]

[[package]]
name = "twisted"
version = "24.11.0"
description = "An asynchronous networking framework written in Python"
optional = false
python-versions = ">=3.8.0"
files = [
    {file = "twisted-24.11.0-py3-none-any.whl", hash = "sha256:fe403076c71f04d5d2d789a755b687c5637ec3bcd3b2b8252d76f2ba65f54261"},
    {file = "twisted-24.11.0.tar.gz", hash = "sha256:695d0556d5ec579dcc464d2856b634880ed1319f45b10d19043f2b57eb0115b5"},
]

[package.dependencies]
attrs = ">=22.2.0"
automat = ">=24.8.0"
constantly = ">=15.1"
hyperlink = ">=17.1.1"
incremental = ">=24.7.0"
typing-extensions = ">=4.2.0"
zope-interface = ">=5"

[package.extras]
all-non-platform = ["appdirs (>=1.4.0)", "appdirs (>=1.4.0)", "bcrypt (>=3.1.3)", "bcrypt (>=3.1.3)", "cryptography (>=3.3)", "cryptography (>=3.3)", "cython-test-exception-raiser (>=1.0.2,<2)", "cython-test-exception-raiser (>=1.0.2,<2)", "h2 (>=3.2,<5.0)", "h2 (>=3.2,<5.0)", "httpx[http2] (>=0.27)", "httpx[http2] (>=0.27)", "hypothesis (>=6.56)", "hypothesis (>=6.56)", "idna (>=2.4)", "idna (>=2.4)", "priority (>=1.1.0,<2.0)", "priority (>=1.1.0,<2.0)", "pyhamcrest (>=2)", "pyhamcrest (>=2)", "pyopenssl (>=21.0.0)", "pyopenssl (>=21.0.0)", "pyserial (>=3.0)", "pyserial (>=3.0)", "pywin32 (!=226)", "pywin32 (!=226)", "service-identity (>=18.1.0)", "service-identity (>=18.1.0)"]
conch = ["appdirs (>=1.4.0)", "bcrypt (>=3.1.3)", "cryptography (>=3.3)"]
dev = ["coverage (>=7.5,<8.0)", "cython-test-exception-raiser (>=1.0.2,<2)", "httpx[http2] (>=0.27)", "hypothesis (>=6.56)", "pydoctor (>=23.9.0,<23.10.0)", "pyflakes (>=2.2,<3.0)", "pyhamcrest (>=2)", "python-subunit (>=1.4,<2.0)", "sphinx (>=6,<7)", "sphinx-rtd-theme (>=1.3,<2.0)", "towncrier (>=23.6,<24.0)", "twistedchecker (>=0.7,<1.0)"]
dev-release = ["pydoctor (>=23.9.0,<23.10.0)", "pydoctor (>=23.9.0,<23.10.0)", "sphinx (>=6,<7)", "sphinx (>=6,<7)", "sphinx-rtd-theme (>=1.3,<2.0)", "sphinx-rtd-theme (>=1.3,<2.0)", "towncrier (>=23.6,<24.0)", "towncrier (>=23.6,<24.0)"]
gtk-platform = ["appdirs (>=1.4.0)", "appdirs (>=1.4.0)", "bcrypt (>=3.1.3)", "bcrypt (>=3.1.3)", "cryptography (>=3.3)", "cryptography (>=3.3)", "cython-test-exception-raiser (>=1.0.2,<2)", "cython-test-exception-raiser (>=1.0.2,<2)", "h2 (>=3.2,<5.0)", "h2 (>=3.2,<5.0)", "httpx[http2] (>=0.27)", "httpx[http2] (>=0.27)", "hypothesis (>=6.56)", "hypothesis (>=6.56)", "idna (>=2.4)", "idna (>=2.4)", "priority (>=1.1.0,<2.0)", "priority (>=1.1.0,<2.0)", "pygobject", "pygobject", "pyhamcrest (>=2)", "pyhamcrest (>=2)", "pyopenssl (>=21.0.0)", "pyopenssl (>=21.0.0)", "pyserial (>=3.0)", "pyserial (>=3.0)", "pywin32 (!=226)", "pywin32 (!=226)", "service-identity (>=18.1.0)", "service-identity (>=18.1.0)"]
http2 = ["h2 (>=3.2,<5.0)", "priority (>=1.1.0,<2.0)"]
macos-platform = ["appdirs (>=1.4.0)", "appdirs (>=1.4.0)", "bcrypt (>=3.1.3)", "bcrypt (>=3.1.3)", "cryptography (>=3.3)", "cryptography (>=3.3)", "cython-test-exception-raiser (>=1.0.2,<2)", "cython-test-exception-raiser (>=1.0.2,<2)", "h2 (>=3.2,<5.0)", "h2 (>=3.2,<5.0)", "httpx[http2] (>=0.27)", "httpx[http2] (>=0.27)", "hypothesis (>=6.56)", "hypothesis (>=6.56)", "idna (>=2.4)", "idna (>=2.4)", "priority (>=1.1.0,<2.0)", "priority (>=1.1.0,<2.0)", "pyhamcrest (>=2)", "pyhamcrest (>=2)", "pyobjc-core", "pyobjc-core", "pyobjc-framework-cfnetwork", "pyobjc-framework-cfnetwork", "pyobjc-framework-cocoa", "pyobjc-framework-cocoa", "pyopenssl (>=21.0.0)", "pyopenssl (>=21.0.0)", "pyserial (>=3.0)", "pyserial (>=3.0)", "pywin32 (!=226)", "pywin32 (!=226)", "service-identity (>=18.1.0)", "service-identity (>=18.1.0)"]
mypy = ["appdirs (>=1.4.0)", "bcrypt (>=3.1.3)", "coverage (>=7.5,<8.0)", "cryptography (>=3.3)", "cython-test-exception-raiser (>=1.0.2,<2)", "h2 (>=3.2,<5.0)", "httpx[http2] (>=0.27)", "hypothesis (>=6.56)", "idna (>=2.4)", "mypy (==1.10.1)", "mypy-zope (==1.0.6)", "priority (>=1.1.0,<2.0)", "pydoctor (>=23.9.0,<23.10.0)", "pyflakes (>=2.2,<3.0)", "pyhamcrest (>=2)", "pyopenssl (>=21.0.0)", "pyserial (>=3.0)", "python-subunit (>=1.4,<2.0)", "pywin32 (!=226)", "service-identity (>=18.1.0)", "sphinx (>=6,<7)", "sphinx-rtd-theme (>=1.3,<2.0)", "towncrier (>=23.6,<24.0)", "twistedchecker (>=0.7,<1.0)", "types-pyopenssl", "types-setuptools"]
osx-platform = ["appdirs (>=1.4.0)", "appdirs (>=1.4.0)", "bcrypt (>=3.1.3)", "bcrypt (>=3.1.3)", "cryptography (>=3.3)", "cryptography (>=3.3)", "cython-test-exception-raiser (>=1.0.2,<2)", "cython-test-exception-raiser (>=1.0.2,<2)", "h2 (>=3.2,<5.0)", "h2 (>=3.2,<5.0)", "httpx[http2] (>=0.27)", "httpx[http2] (>=0.27)", "hypothesis (>=6.56)", "hypothesis (>=6.56)", "idna (>=2.4)", "idna (>=2.4)", "priority (>=1.1.0,<2.0)", "priority (>=1.1.0,<2.0)", "pyhamcrest (>=2)", "pyhamcrest (>=2)", "pyobjc-core", "pyobjc-core", "pyobjc-framework-cfnetwork", "pyobjc-framework-cfnetwork", "pyobjc-framework-cocoa", "pyobjc-framework-cocoa", "pyopenssl (>=21.0.0)", "pyopenssl (>=21.0.0)", "pyserial (>=3.0)", "pyserial (>=3.0)", "pywin32 (!=226)", "pywin32 (!=226)", "service-identity (>=18.1.0)", "service-identity (>=18.1.0)"]
serial = ["pyserial (>=3.0)", "pywin32 (!=226)"]
test = ["cython-test-exception-raiser (>=1.0.2,<2)", "httpx[http2] (>=0.27)", "hypothesis (>=6.56)", "pyhamcrest (>=2)"]
tls = ["idna (>=2.4)", "pyopenssl (>=21.0.0)", "service-identity (>=18.1.0)"]
windows-platform = ["appdirs (>=1.4.0)", "appdirs (>=1.4.0)", "bcrypt (>=3.1.3)", "bcrypt (>=3.1.3)", "cryptography (>=3.3)", "cryptography (>=3.3)", "cython-test-exception-raiser (>=1.0.2,<2)", "cython-test-exception-raiser (>=1.0.2,<2)", "h2 (>=3.2,<5.0)", "h2 (>=3.2,<5.0)", "httpx[http2] (>=0.27)", "httpx[http2] (>=0.27)", "hypothesis (>=6.56)", "hypothesis (>=6.56)", "idna (>=2.4)", "idna (>=2.4)", "priority (>=1.1.0,<2.0)", "priority (>=1.1.0,<2.0)", "pyhamcrest (>=2)", "pyhamcrest (>=2)", "pyopenssl (>=21.0.0)", "pyopenssl (>=21.0.0)", "pyserial (>=3.0)", "pyserial (>=3.0)", "pywin32 (!=226)", "pywin32 (!=226)", "pywin32 (!=226)", "pywin32 (!=226)", "service-identity (>=18.1.0)", "service-identity (>=18.1.0)", "twisted-iocpsupport (>=1.0.2)", "twisted-iocpsupport (>=1.0.2)"]

[[package]]
name = "typing-extensions"
version = "4.12.2"
description = "Backported and Experimental Type Hints for Python 3.8+"
optional = false
python-versions = ">=3.8"
files = [
    {file = "typing_extensions-4.12.2-py3-none-any.whl", hash = "sha256:04e5ca0351e0f3f85c6853954072df659d0d13fac324d0072316b67d7794700d"},
    {file = "typing_extensions-4.12.2.tar.gz", hash = "sha256:1a7ead55c7e559dd4dee8856e3a88b41225abfe1ce8df57b7c13915fe121ffb8"},
]

[[package]]
name = "zope-interface"
version = "7.2"
description = "Interfaces for Python"
optional = false
python-versions = ">=3.8"
files = [
    {file = "zope.interface-7.2-cp310-cp310-macosx_10_9_x86_64.whl", hash = "sha256:ce290e62229964715f1011c3dbeab7a4a1e4971fd6f31324c4519464473ef9f2"},
    {file = "zope.interface-7.2-cp310-cp310-macosx_11_0_arm64.whl", hash = "sha256:05b910a5afe03256b58ab2ba6288960a2892dfeef01336dc4be6f1b9ed02ab0a"},
    {file = "zope.interface-7.2-cp310-cp310-manylinux_2_17_aarch64.manylinux2014_aarch64.whl", hash = "sha256:550f1c6588ecc368c9ce13c44a49b8d6b6f3ca7588873c679bd8fd88a1b557b6"},
    {file = "zope.interface-7.2-cp310-cp310-manylinux_2_5_i686.manylinux1_i686.manylinux_2_17_i686.manylinux2014_i686.whl", hash = "sha256:0ef9e2f865721553c6f22a9ff97da0f0216c074bd02b25cf0d3af60ea4d6931d"},
    {file = "zope.interface-7.2-cp310-cp310-manylinux_2_5_x86_64.manylinux1_x86_64.manylinux_2_17_x86_64.manylinux2014_x86_64.whl", hash = "sha256:27f926f0dcb058211a3bb3e0e501c69759613b17a553788b2caeb991bed3b61d"},
    {file = "zope.interface-7.2-cp310-cp310-win_amd64.whl", hash = "sha256:144964649eba4c5e4410bb0ee290d338e78f179cdbfd15813de1a664e7649b3b"},
    {file = "zope.interface-7.2-cp311-cp311-macosx_10_9_x86_64.whl", hash = "sha256:1909f52a00c8c3dcab6c4fad5d13de2285a4b3c7be063b239b8dc15ddfb73bd2"},
    {file = "zope.interface-7.2-cp311-cp311-macosx_11_0_arm64.whl", hash = "sha256:80ecf2451596f19fd607bb09953f426588fc1e79e93f5968ecf3367550396b22"},
    {file = "zope.interface-7.2-cp311-cp311-manylinux_2_17_aarch64.manylinux2014_aarch64.whl", hash = "sha256:033b3923b63474800b04cba480b70f6e6243a62208071fc148354f3f89cc01b7"},
    {file = "zope.interface-7.2-cp311-cp311-manylinux_2_5_i686.manylinux1_i686.manylinux_2_17_i686.manylinux2014_i686.whl", hash = "sha256:a102424e28c6b47c67923a1f337ede4a4c2bba3965b01cf707978a801fc7442c"},
    {file = "zope.interface-7.2-cp311-cp311-manylinux_2_5_x86_64.manylinux1_x86_64.manylinux_2_17_x86_64.manylinux2014_x86_64.whl", hash = "sha256:25e6a61dcb184453bb00eafa733169ab6d903e46f5c2ace4ad275386f9ab327a"},
    {file = "zope.interface-7.2-cp311-cp311-win_amd64.whl", hash = "sha256:3f6771d1647b1fc543d37640b45c06b34832a943c80d1db214a37c31161a93f1"},
    {file = "zope.interface-7.2-cp312-cp312-macosx_10_9_x86_64.whl", hash = "sha256:086ee2f51eaef1e4a52bd7d3111a0404081dadae87f84c0ad4ce2649d4f708b7"},
    {file = "zope.interface-7.2-cp312-cp312-macosx_11_0_arm64.whl", hash = "sha256:21328fcc9d5b80768bf051faa35ab98fb979080c18e6f84ab3f27ce703bce465"},
    {file = "zope.interface-7.2-cp312-cp312-manylinux_2_17_aarch64.manylinux2014_aarch64.whl", hash = "sha256:f6dd02ec01f4468da0f234da9d9c8545c5412fef80bc590cc51d8dd084138a89"},
    {file = "zope.interface-7.2-cp312-cp312-manylinux_2_5_i686.manylinux1_i686.manylinux_2_17_i686.manylinux2014_i686.whl", hash = "sha256:8e7da17f53e25d1a3bde5da4601e026adc9e8071f9f6f936d0fe3fe84ace6d54"},
    {file = "zope.interface-7.2-cp312-cp312-manylinux_2_5_x86_64.manylinux1_x86_64.manylinux_2_17_x86_64.manylinux2014_x86_64.whl", hash = "sha256:cab15ff4832580aa440dc9790b8a6128abd0b88b7ee4dd56abacbc52f212209d"},
    {file = "zope.interface-7.2-cp312-cp312-win_amd64.whl", hash = "sha256:29caad142a2355ce7cfea48725aa8bcf0067e2b5cc63fcf5cd9f97ad12d6afb5"},
    {file = "zope.interface-7.2-cp313-cp313-macosx_10_9_x86_64.whl", hash = "sha256:3e0350b51e88658d5ad126c6a57502b19d5f559f6cb0a628e3dc90442b53dd98"},
    {file = "zope.interface-7.2-cp313-cp313-macosx_11_0_arm64.whl", hash = "sha256:15398c000c094b8855d7d74f4fdc9e73aa02d4d0d5c775acdef98cdb1119768d"},
    {file = "zope.interface-7.2-cp313-cp313-manylinux_2_17_aarch64.manylinux2014_aarch64.whl", hash = "sha256:802176a9f99bd8cc276dcd3b8512808716492f6f557c11196d42e26c01a69a4c"},
    {file = "zope.interface-7.2-cp313-cp313-manylinux_2_5_i686.manylinux1_i686.manylinux_2_17_i686.manylinux2014_i686.whl", hash = "sha256:eb23f58a446a7f09db85eda09521a498e109f137b85fb278edb2e34841055398"},
    {file = "zope.interface-7.2-cp313-cp313-manylinux_2_5_x86_64.manylinux1_x86_64.manylinux_2_17_x86_64.manylinux2014_x86_64.whl", hash = "sha256:a71a5b541078d0ebe373a81a3b7e71432c61d12e660f1d67896ca62d9628045b"},
    {file = "zope.interface-7.2-cp313-cp313-win_amd64.whl", hash = "sha256:4893395d5dd2ba655c38ceb13014fd65667740f09fa5bb01caa1e6284e48c0cd"},
    {file = "zope.interface-7.2-cp38-cp38-macosx_10_9_x86_64.whl", hash = "sha256:d3a8ffec2a50d8ec470143ea3d15c0c52d73df882eef92de7537e8ce13475e8a"},
    {file = "zope.interface-7.2-cp38-cp38-macosx_11_0_arm64.whl", hash = "sha256:31d06db13a30303c08d61d5fb32154be51dfcbdb8438d2374ae27b4e069aac40"},
    {file = "zope.interface-7.2-cp38-cp38-manylinux_2_17_aarch64.manylinux2014_aarch64.whl", hash = "sha256:e204937f67b28d2dca73ca936d3039a144a081fc47a07598d44854ea2a106239"},
    {file = "zope.interface-7.2-cp38-cp38-manylinux_2_5_i686.manylinux1_i686.manylinux_2_17_i686.manylinux2014_i686.whl", hash = "sha256:224b7b0314f919e751f2bca17d15aad00ddbb1eadf1cb0190fa8175edb7ede62"},
    {file = "zope.interface-7.2-cp38-cp38-manylinux_2_5_x86_64.manylinux1_x86_64.manylinux_2_17_x86_64.manylinux2014_x86_64.whl", hash = "sha256:baf95683cde5bc7d0e12d8e7588a3eb754d7c4fa714548adcd96bdf90169f021"},
    {file = "zope.interface-7.2-cp38-cp38-win_amd64.whl", hash = "sha256:7dc5016e0133c1a1ec212fc87a4f7e7e562054549a99c73c8896fa3a9e80cbc7"},
    {file = "zope.interface-7.2-cp39-cp39-macosx_10_9_x86_64.whl", hash = "sha256:7bd449c306ba006c65799ea7912adbbfed071089461a19091a228998b82b1fdb"},
    {file = "zope.interface-7.2-cp39-cp39-macosx_11_0_arm64.whl", hash = "sha256:a19a6cc9c6ce4b1e7e3d319a473cf0ee989cbbe2b39201d7c19e214d2dfb80c7"},
    {file = "zope.interface-7.2-cp39-cp39-manylinux_2_17_aarch64.manylinux2014_aarch64.whl", hash = "sha256:72cd1790b48c16db85d51fbbd12d20949d7339ad84fd971427cf00d990c1f137"},
    {file = "zope.interface-7.2-cp39-cp39-manylinux_2_5_i686.manylinux1_i686.manylinux_2_17_i686.manylinux2014_i686.whl", hash = "sha256:52e446f9955195440e787596dccd1411f543743c359eeb26e9b2c02b077b0519"},
    {file = "zope.interface-7.2-cp39-cp39-manylinux_2_5_x86_64.manylinux1_x86_64.manylinux_2_17_x86_64.manylinux2014_x86_64.whl", hash = "sha256:2ad9913fd858274db8dd867012ebe544ef18d218f6f7d1e3c3e6d98000f14b75"},
    {file = "zope.interface-7.2-cp39-cp39-win_amd64.whl", hash = "sha256:1090c60116b3da3bfdd0c03406e2f14a1ff53e5771aebe33fec1edc0a350175d"},
    {file = "zope.interface-7.2.tar.gz", hash = "sha256:8b49f1a3d1ee4cdaf5b32d2e738362c7f5e40ac8b46dd7d1a65e82a4872728fe"},
]

[package.dependencies]
setuptools = "*"

[package.extras]
docs = ["Sphinx", "furo", "repoze.sphinx.autointerface"]
test = ["coverage[toml]", "zope.event", "zope.testing"]
testing = ["coverage[toml]", "zope.event", "zope.testing"]

[metadata]
lock-version = "2.0"
python-versions = "^3.13"
content-hash = "d7b4d908d828871a97f35967adc8d3d7e253b46a4022b39e1d250f0e14d03bc1"
